github.com/google/go-cmp v0.6.0 h1:ofyhxvXcZhMsU5ulbFiLKl/XBFqE1GSq7atu8tAmTRI=
github.com/google/go-cmp v0.6.0/go.mod h1:17dUlkBOakJ0+DkrSSNjCkIjxS6bF9zb3elmeNGIjoY=
golang.org/x/crypto v0.39.0 h1:SHs+kF4LP+f+p14esP5jAoDpHU8Gu/v9lFRK6IT5imM=
golang.org/x/crypto v0.39.0/go.mod h1:L+Xg3Wf6HoL4Bn4238Z6ft6KfEpN0tJGo53AAPC632U=
golang.org/x/sync v0.10.0 h1:3NQrjDixjgGwUOCaF8w2+VYHv0Ve/vGYSbdkTa98gmQ=
golang.org/x/sync v0.10.0/go.mod h1:Czt+wKu1gCyEFDUtn0jG5QVvpJ6rzVqr5aXyt9drQfk=
golang.org/x/sys v0.33.0 h1:q3i8TbbEz+JRD9ywIRlyRAQbM0qF7hu24q3teo2hbuw=
golang.org/x/sys v0.33.0/go.mod h1:BJP2sWEmIv4KK5OTEluFJCKSidICx8ciO85XgH3Ak8k=
golang.org/x/term v0.32.0 h1:DR4lr0TjUs3epypdhTOkMmuF5CDFJ/8pOnbzMZPQ7bg=
golang.org/x/term v0.32.0/go.mod h1:uZG1FhGx848Sqfsq4/DlJr3xGGsYMu/L5GW4abiaEPQ=
gotest.tools/v3 v3.5.1 h1:EENdUnS3pdur5nybKYIh2Vfgc8IUNBjxDPSjtiJcOzU=
gotest.tools/v3 v3.5.1/go.mod h1:isy3WKz7GK6uNw/sbHzfKBLvlvXwUyV06n6brMxxopU=
lesiw.io/cmdio v0.10.0 h1:YSc8+vdbpBTm9Pz2Tj2QneAEFoxvvAtJkc9S0UgCmEc=
lesiw.io/cmdio v0.10.0/go.mod h1:RRxYqFsLgx3JpElt244AGmRdeFGnc/6fbh3fFgcNvnk=
lesiw.io/defers v0.1.0 h1:WLgAxtpmqN4SCUFHOOmntJvuqX0oqKcY3bJbOAaOlF4=
lesiw.io/defers v0.1.0/go.mod h1:sT3znBle5xZYx2JV2ONWw3kgpnOYzyVN91RJGX7+RJE=
lesiw.io/prefix v0.1.0 h1:2Ors12avAiADgMbsQHh27wQmoSI+4aZSW2uTBdDmIZg=
lesiw.io/prefix v0.1.0/go.mod h1:yrUaJpvikavNodwcL64crLnSf3t1NWeNi/vNu5hUi2Y=
lesiw.io/repo v0.9.0 h1:wDMmhIJ5KupcvQdWk3AsAOHadHjVEOfWDOjyKeD2Y6A=
lesiw.io/repo v0.9.0/go.mod h1:ldcHVYOLJX/XeSTu8cm05Cl5tYe2xNunC/DB7QU0uzI=
